
Microsoft Visual Studio Solution File, Format Version 12.00
# Visual Studio Version 17
VisualStudioVersion = 17.13.35828.75 d17.13
MinimumVisualStudioVersion = 10.0.40219.1
Project("{FAE04EC0-301F-11D3-BF4B-00C04F79EFBC}") = "Tests", "Tests.csproj", "{A353E725-01BB-4466-9584-2F48F2E15A58}"
EndProject
Project("{FAE04EC0-301F-11D3-BF4B-00C04F79EFBC}") = "SuperSocks5", "..\SuperSocks5\SuperSocks5.csproj", "{EA5BDF1A-9230-1D86-144F-ED714BA59B5C}"
EndProject
Global
	GlobalSection(SolutionConfigurationPlatforms) = preSolution
		Debug|Any CPU = Debug|Any CPU
		Release|Any CPU = Release|Any CPU
	EndGlobalSection
	GlobalSection(ProjectConfigurationPlatforms) = postSolution
		{A353E725-01BB-4466-9584-2F48F2E15A58}.Debug|Any CPU.ActiveCfg = Debug|Any CPU
		{A353E725-01BB-4466-9584-2F48F2E15A58}.Debug|Any CPU.Build.0 = Debug|Any CPU
		{A353E725-01BB-4466-9584-2F48F2E15A58}.Release|Any CPU.ActiveCfg = Release|Any CPU
		{A353E725-01BB-4466-9584-2F48F2E15A58}.Release|Any CPU.Build.0 = Release|Any CPU
		{EA5BDF1A-9230-1D86-144F-ED714BA59B5C}.Debug|Any CPU.ActiveCfg = Debug|Any CPU
		{EA5BDF1A-9230-1D86-144F-ED714BA59B5C}.Debug|Any CPU.Build.0 = Debug|Any CPU
		{EA5BDF1A-9230-1D86-144F-ED714BA59B5C}.Release|Any CPU.ActiveCfg = Release|Any CPU
		{EA5BDF1A-9230-1D86-144F-ED714BA59B5C}.Release|Any CPU.Build.0 = Release|Any CPU
	EndGlobalSection
	GlobalSection(SolutionProperties) = preSolution
		HideSolutionNode = FALSE
	EndGlobalSection
	GlobalSection(ExtensibilityGlobals) = postSolution
		SolutionGuid = {80ECFBEF-DC8A-4A05-9C79-B290866CF753}
	EndGlobalSection
EndGlobal
